// !$*UTF8*$!
{
	archiveVersion = 1;
	classes = {
	};
	objectVersion = 56;
	objects = {

/* Begin PBXBuildFile section */
		6804C7442B08DD6700857BE6 /* PokeAPIApp.swift in Sources */ = {isa = PBXBuildFile; fileRef = 6804C7432B08DD6700857BE6 /* PokeAPIApp.swift */; };
		6804C7462B08DD6700857BE6 /* ContentView.swift in Sources */ = {isa = PBXBuildFile; fileRef = 6804C7452B08DD6700857BE6 /* ContentView.swift */; };
		6804C7482B08DD6800857BE6 /* Assets.xcassets in Resources */ = {isa = PBXBuildFile; fileRef = 6804C7472B08DD6800857BE6 /* Assets.xcassets */; };
		6804C74B2B08DD6800857BE6 /* Preview Assets.xcassets in Resources */ = {isa = PBXBuildFile; fileRef = 6804C74A2B08DD6800857BE6 /* Preview Assets.xcassets */; };
		6804C7552B08DD6900857BE6 /* PokeAPITests.swift in Sources */ = {isa = PBXBuildFile; fileRef = 6804C7542B08DD6900857BE6 /* PokeAPITests.swift */; };
		6804C75F2B08DD6900857BE6 /* PokeAPIUITests.swift in Sources */ = {isa = PBXBuildFile; fileRef = 6804C75E2B08DD6900857BE6 /* PokeAPIUITests.swift */; };
		6804C7612B08DD6900857BE6 /* PokeAPIUITestsLaunchTests.swift in Sources */ = {isa = PBXBuildFile; fileRef = 6804C7602B08DD6900857BE6 /* PokeAPIUITestsLaunchTests.swift */; };
		6804C7722B08E71300857BE6 /* NetworkManager.swift in Sources */ = {isa = PBXBuildFile; fileRef = 6804C7712B08E71300857BE6 /* NetworkManager.swift */; };
		6804C7742B08E7CA00857BE6 /* PokemonModels.swift in Sources */ = {isa = PBXBuildFile; fileRef = 6804C7732B08E7CA00857BE6 /* PokemonModels.swift */; };
		6804C7762B08E81400857BE6 /* PokemonListViewModel.swift in Sources */ = {isa = PBXBuildFile; fileRef = 6804C7752B08E81400857BE6 /* PokemonListViewModel.swift */; };
		6804C7782B08E83700857BE6 /* PokemonDetailViewModel.swift in Sources */ = {isa = PBXBuildFile; fileRef = 6804C7772B08E83700857BE6 /* PokemonDetailViewModel.swift */; };
		6804C77B2B08E97400857BE6 /* Kingfisher in Frameworks */ = {isa = PBXBuildFile; productRef = 6804C77A2B08E97400857BE6 /* Kingfisher */; };
		6804C77F2B08E9F000857BE6 /* PokemonListRow.swift in Sources */ = {isa = PBXBuildFile; fileRef = 6804C77E2B08E9F000857BE6 /* PokemonListRow.swift */; };
		6804C7812B08EB0600857BE6 /* PokemonDetailView.swift in Sources */ = {isa = PBXBuildFile; fileRef = 6804C7802B08EB0600857BE6 /* PokemonDetailView.swift */; };
		6804C7832B08EE7400857BE6 /* SearchBar.swift in Sources */ = {isa = PBXBuildFile; fileRef = 6804C7822B08EE7400857BE6 /* SearchBar.swift */; };
		6804C7852B08EED600857BE6 /* CacheManager.swift in Sources */ = {isa = PBXBuildFile; fileRef = 6804C7842B08EED600857BE6 /* CacheManager.swift */; };
		6804C7872B090C8000857BE6 /* NetworkManagerTests.swift in Sources */ = {isa = PBXBuildFile; fileRef = 6804C7862B090C8000857BE6 /* NetworkManagerTests.swift */; };
/* End PBXBuildFile section */

/* Begin PBXContainerItemProxy section */
		6804C7512B08DD6900857BE6 /* PBXContainerItemProxy */ = {
			isa = PBXContainerItemProxy;
			containerPortal = 6804C7382B08DD6700857BE6 /* Project object */;
			proxyType = 1;
			remoteGlobalIDString = 6804C73F2B08DD6700857BE6;
			remoteInfo = PokeAPI;
		};
		6804C75B2B08DD6900857BE6 /* PBXContainerItemProxy */ = {
			isa = PBXContainerItemProxy;
			containerPortal = 6804C7382B08DD6700857BE6 /* Project object */;
			proxyType = 1;
			remoteGlobalIDString = 6804C73F2B08DD6700857BE6;
			remoteInfo = PokeAPI;
		};
/* End PBXContainerItemProxy section */

/* Begin PBXFileReference section */
		6804C7402B08DD6700857BE6 /* PokeAPI.app */ = {isa = PBXFileReference; explicitFileType = wrapper.application; includeInIndex = 0; path = PokeAPI.app; sourceTree = BUILT_PRODUCTS_DIR; };
		6804C7432B08DD6700857BE6 /* PokeAPIApp.swift */ = {isa = PBXFileReference; lastKnownFileType = sourcecode.swift; path = PokeAPIApp.swift; sourceTree = "<group>"; };
		6804C7452B08DD6700857BE6 /* ContentView.swift */ = {isa = PBXFileReference; lastKnownFileType = sourcecode.swift; path = ContentView.swift; sourceTree = "<group>"; };
		6804C7472B08DD6800857BE6 /* Assets.xcassets */ = {isa = PBXFileReference; lastKnownFileType = folder.assetcatalog; path = Assets.xcassets; sourceTree = "<group>"; };
		6804C74A2B08DD6800857BE6 /* Preview Assets.xcassets */ = {isa = PBXFileReference; lastKnownFileType = folder.assetcatalog; path = "Preview Assets.xcassets"; sourceTree = "<group>"; };
		6804C7502B08DD6900857BE6 /* PokeAPITests.xctest */ = {isa = PBXFileReference; explicitFileType = wrapper.cfbundle; includeInIndex = 0; path = PokeAPITests.xctest; sourceTree = BUILT_PRODUCTS_DIR; };
		6804C7542B08DD6900857BE6 /* PokeAPITests.swift */ = {isa = PBXFileReference; lastKnownFileType = sourcecode.swift; path = PokeAPITests.swift; sourceTree = "<group>"; };
		6804C75A2B08DD6900857BE6 /* PokeAPIUITests.xctest */ = {isa = PBXFileReference; explicitFileType = wrapper.cfbundle; includeInIndex = 0; path = PokeAPIUITests.xctest; sourceTree = BUILT_PRODUCTS_DIR; };
		6804C75E2B08DD6900857BE6 /* PokeAPIUITests.swift */ = {isa = PBXFileReference; lastKnownFileType = sourcecode.swift; path = PokeAPIUITests.swift; sourceTree = "<group>"; };
		6804C7602B08DD6900857BE6 /* PokeAPIUITestsLaunchTests.swift */ = {isa = PBXFileReference; lastKnownFileType = sourcecode.swift; path = PokeAPIUITestsLaunchTests.swift; sourceTree = "<group>"; };
		6804C7712B08E71300857BE6 /* NetworkManager.swift */ = {isa = PBXFileReference; lastKnownFileType = sourcecode.swift; path = NetworkManager.swift; sourceTree = "<group>"; };
		6804C7732B08E7CA00857BE6 /* PokemonModels.swift */ = {isa = PBXFileReference; lastKnownFileType = sourcecode.swift; path = PokemonModels.swift; sourceTree = "<group>"; };
		6804C7752B08E81400857BE6 /* PokemonListViewModel.swift */ = {isa = PBXFileReference; lastKnownFileType = sourcecode.swift; path = PokemonListViewModel.swift; sourceTree = "<group>"; };
		6804C7772B08E83700857BE6 /* PokemonDetailViewModel.swift */ = {isa = PBXFileReference; lastKnownFileType = sourcecode.swift; path = PokemonDetailViewModel.swift; sourceTree = "<group>"; };
		6804C77E2B08E9F000857BE6 /* PokemonListRow.swift */ = {isa = PBXFileReference; lastKnownFileType = sourcecode.swift; path = PokemonListRow.swift; sourceTree = "<group>"; };
		6804C7802B08EB0600857BE6 /* PokemonDetailView.swift */ = {isa = PBXFileReference; lastKnownFileType = sourcecode.swift; path = PokemonDetailView.swift; sourceTree = "<group>"; };
		6804C7822B08EE7400857BE6 /* SearchBar.swift */ = {isa = PBXFileReference; lastKnownFileType = sourcecode.swift; path = SearchBar.swift; sourceTree = "<group>"; };
		6804C7842B08EED600857BE6 /* CacheManager.swift */ = {isa = PBXFileReference; lastKnownFileType = sourcecode.swift; path = CacheManager.swift; sourceTree = "<group>"; };
		6804C7862B090C8000857BE6 /* NetworkManagerTests.swift */ = {isa = PBXFileReference; lastKnownFileType = sourcecode.swift; path = NetworkManagerTests.swift; sourceTree = "<group>"; };
/* End PBXFileReference section */

/* Begin PBXFrameworksBuildPhase section */
		6804C73D2B08DD6700857BE6 /* Frameworks */ = {
			isa = PBXFrameworksBuildPhase;
			buildActionMask = 2147483647;
			files = (
				6804C77B2B08E97400857BE6 /* Kingfisher in Frameworks */,
			);
			runOnlyForDeploymentPostprocessing = 0;
		};
		6804C74D2B08DD6900857BE6 /* Frameworks */ = {
			isa = PBXFrameworksBuildPhase;
			buildActionMask = 2147483647;
			files = (
			);
			runOnlyForDeploymentPostprocessing = 0;
		};
		6804C7572B08DD6900857BE6 /* Frameworks */ = {
			isa = PBXFrameworksBuildPhase;
			buildActionMask = 2147483647;
			files = (
			);
			runOnlyForDeploymentPostprocessing = 0;
		};
/* End PBXFrameworksBuildPhase section */

/* Begin PBXGroup section */
		6804C7372B08DD6700857BE6 = {
			isa = PBXGroup;
			children = (
				6804C7422B08DD6700857BE6 /* PokeAPI */,
				6804C7532B08DD6900857BE6 /* PokeAPITests */,
				6804C75D2B08DD6900857BE6 /* PokeAPIUITests */,
				6804C7412B08DD6700857BE6 /* Products */,
			);
			sourceTree = "<group>";
		};
		6804C7412B08DD6700857BE6 /* Products */ = {
			isa = PBXGroup;
			children = (
				6804C7402B08DD6700857BE6 /* PokeAPI.app */,
				6804C7502B08DD6900857BE6 /* PokeAPITests.xctest */,
				6804C75A2B08DD6900857BE6 /* PokeAPIUITests.xctest */,
			);
			name = Products;
			sourceTree = "<group>";
		};
		6804C7422B08DD6700857BE6 /* PokeAPI */ = {
			isa = PBXGroup;
			children = (
				6804C7702B08E69400857BE6 /* Models */,
				6804C76F2B08E69100857BE6 /* Views */,
				6804C76E2B08E68E00857BE6 /* ViewModels */,
				6804C76D2B08E68B00857BE6 /* Network */,
				6804C7432B08DD6700857BE6 /* PokeAPIApp.swift */,
				6804C7452B08DD6700857BE6 /* ContentView.swift */,
				6804C7842B08EED600857BE6 /* CacheManager.swift */,
				6804C7472B08DD6800857BE6 /* Assets.xcassets */,
				6804C7492B08DD6800857BE6 /* Preview Content */,
			);
			path = PokeAPI;
			sourceTree = "<group>";
		};
		6804C7492B08DD6800857BE6 /* Preview Content */ = {
			isa = PBXGroup;
			children = (
				6804C74A2B08DD6800857BE6 /* Preview Assets.xcassets */,
			);
			path = "Preview Content";
			sourceTree = "<group>";
		};
		6804C7532B08DD6900857BE6 /* PokeAPITests */ = {
			isa = PBXGroup;
			children = (
				6804C7542B08DD6900857BE6 /* PokeAPITests.swift */,
				6804C7862B090C8000857BE6 /* NetworkManagerTests.swift */,
			);
			path = PokeAPITests;
			sourceTree = "<group>";
		};
		6804C75D2B08DD6900857BE6 /* PokeAPIUITests */ = {
			isa = PBXGroup;
			children = (
				6804C75E2B08DD6900857BE6 /* PokeAPIUITests.swift */,
				6804C7602B08DD6900857BE6 /* PokeAPIUITestsLaunchTests.swift */,
			);
			path = PokeAPIUITests;
			sourceTree = "<group>";
		};
		6804C76D2B08E68B00857BE6 /* Network */ = {
			isa = PBXGroup;
			children = (
				6804C7712B08E71300857BE6 /* NetworkManager.swift */,
			);
			path = Network;
			sourceTree = "<group>";
		};
		6804C76E2B08E68E00857BE6 /* ViewModels */ = {
			isa = PBXGroup;
			children = (
				6804C7752B08E81400857BE6 /* PokemonListViewModel.swift */,
				6804C7772B08E83700857BE6 /* PokemonDetailViewModel.swift */,
			);
			path = ViewModels;
			sourceTree = "<group>";
		};
		6804C76F2B08E69100857BE6 /* Views */ = {
			isa = PBXGroup;
			children = (
				6804C77E2B08E9F000857BE6 /* PokemonListRow.swift */,
				6804C7802B08EB0600857BE6 /* PokemonDetailView.swift */,
				6804C7822B08EE7400857BE6 /* SearchBar.swift */,
			);
			path = Views;
			sourceTree = "<group>";
		};
		6804C7702B08E69400857BE6 /* Models */ = {
			isa = PBXGroup;
			children = (
				6804C7732B08E7CA00857BE6 /* PokemonModels.swift */,
			);
			path = Models;
			sourceTree = "<group>";
		};
/* End PBXGroup section */

/* Begin PBXNativeTarget section */
		6804C73F2B08DD6700857BE6 /* PokeAPI */ = {
			isa = PBXNativeTarget;
			buildConfigurationList = 6804C7642B08DD6900857BE6 /* Build configuration list for PBXNativeTarget "PokeAPI" */;
			buildPhases = (
				6804C73C2B08DD6700857BE6 /* Sources */,
				6804C73D2B08DD6700857BE6 /* Frameworks */,
				6804C73E2B08DD6700857BE6 /* Resources */,
			);
			buildRules = (
			);
			dependencies = (
			);
			name = PokeAPI;
			packageProductDependencies = (
				6804C77A2B08E97400857BE6 /* Kingfisher */,
			);
			productName = PokeAPI;
			productReference = 6804C7402B08DD6700857BE6 /* PokeAPI.app */;
			productType = "com.apple.product-type.application";
		};
		6804C74F2B08DD6900857BE6 /* PokeAPITests */ = {
			isa = PBXNativeTarget;
			buildConfigurationList = 6804C7672B08DD6900857BE6 /* Build configuration list for PBXNativeTarget "PokeAPITests" */;
			buildPhases = (
				6804C74C2B08DD6900857BE6 /* Sources */,
				6804C74D2B08DD6900857BE6 /* Frameworks */,
				6804C74E2B08DD6900857BE6 /* Resources */,
			);
			buildRules = (
			);
			dependencies = (
				6804C7522B08DD6900857BE6 /* PBXTargetDependency */,
			);
			name = PokeAPITests;
			productName = PokeAPITests;
			productReference = 6804C7502B08DD6900857BE6 /* PokeAPITests.xctest */;
			productType = "com.apple.product-type.bundle.unit-test";
		};
		6804C7592B08DD6900857BE6 /* PokeAPIUITests */ = {
			isa = PBXNativeTarget;
			buildConfigurationList = 6804C76A2B08DD6900857BE6 /* Build configuration list for PBXNativeTarget "PokeAPIUITests" */;
			buildPhases = (
				6804C7562B08DD6900857BE6 /* Sources */,
				6804C7572B08DD6900857BE6 /* Frameworks */,
				6804C7582B08DD6900857BE6 /* Resources */,
			);
			buildRules = (
			);
			dependencies = (
				6804C75C2B08DD6900857BE6 /* PBXTargetDependency */,
			);
			name = PokeAPIUITests;
			productName = PokeAPIUITests;
			productReference = 6804C75A2B08DD6900857BE6 /* PokeAPIUITests.xctest */;
			productType = "com.apple.product-type.bundle.ui-testing";
		};
/* End PBXNativeTarget section */

/* Begin PBXProject section */
		6804C7382B08DD6700857BE6 /* Project object */ = {
			isa = PBXProject;
			attributes = {
				BuildIndependentTargetsInParallel = 1;
				LastSwiftUpdateCheck = 1500;
				LastUpgradeCheck = 1500;
				TargetAttributes = {
					6804C73F2B08DD6700857BE6 = {
						CreatedOnToolsVersion = 15.0.1;
					};
					6804C74F2B08DD6900857BE6 = {
						CreatedOnToolsVersion = 15.0.1;
						TestTargetID = 6804C73F2B08DD6700857BE6;
					};
					6804C7592B08DD6900857BE6 = {
						CreatedOnToolsVersion = 15.0.1;
						TestTargetID = 6804C73F2B08DD6700857BE6;
					};
				};
			};
			buildConfigurationList = 6804C73B2B08DD6700857BE6 /* Build configuration list for PBXProject "PokeAPI" */;
			compatibilityVersion = "Xcode 14.0";
			developmentRegion = en;
			hasScannedForEncodings = 0;
			knownRegions = (
				en,
				Base,
			);
			mainGroup = 6804C7372B08DD6700857BE6;
			packageReferences = (
				6804C7792B08E97400857BE6 /* XCRemoteSwiftPackageReference "Kingfisher" */,
			);
			productRefGroup = 6804C7412B08DD6700857BE6 /* Products */;
			projectDirPath = "";
			projectRoot = "";
			targets = (
				6804C73F2B08DD6700857BE6 /* PokeAPI */,
				6804C74F2B08DD6900857BE6 /* PokeAPITests */,
				6804C7592B08DD6900857BE6 /* PokeAPIUITests */,
			);
		};
/* End PBXProject section */

/* Begin PBXResourcesBuildPhase section */
		6804C73E2B08DD6700857BE6 /* Resources */ = {
			isa = PBXResourcesBuildPhase;
			buildActionMask = 2147483647;
			files = (
				6804C74B2B08DD6800857BE6 /* Preview Assets.xcassets in Resources */,
				6804C7482B08DD6800857BE6 /* Assets.xcassets in Resources */,
			);
			runOnlyForDeploymentPostprocessing = 0;
		};
		6804C74E2B08DD6900857BE6 /* Resources */ = {
			isa = PBXResourcesBuildPhase;
			buildActionMask = 2147483647;
			files = (
			);
			runOnlyForDeploymentPostprocessing = 0;
		};
		6804C7582B08DD6900857BE6 /* Resources */ = {
			isa = PBXResourcesBuildPhase;
			buildActionMask = 2147483647;
			files = (
			);
			runOnlyForDeploymentPostprocessing = 0;
		};
/* End PBXResourcesBuildPhase section */

/* Begin PBXSourcesBuildPhase section */
		6804C73C2B08DD6700857BE6 /* Sources */ = {
			isa = PBXSourcesBuildPhase;
			buildActionMask = 2147483647;
			files = (
				6804C77F2B08E9F000857BE6 /* PokemonListRow.swift in Sources */,
				6804C7812B08EB0600857BE6 /* PokemonDetailView.swift in Sources */,
				6804C7722B08E71300857BE6 /* NetworkManager.swift in Sources */,
				6804C7462B08DD6700857BE6 /* ContentView.swift in Sources */,
				6804C7442B08DD6700857BE6 /* PokeAPIApp.swift in Sources */,
				6804C7832B08EE7400857BE6 /* SearchBar.swift in Sources */,
				6804C7852B08EED600857BE6 /* CacheManager.swift in Sources */,
				6804C7762B08E81400857BE6 /* PokemonListViewModel.swift in Sources */,
				6804C7742B08E7CA00857BE6 /* PokemonModels.swift in Sources */,
				6804C7782B08E83700857BE6 /* PokemonDetailViewModel.swift in Sources */,
			);
			runOnlyForDeploymentPostprocessing = 0;
		};
		6804C74C2B08DD6900857BE6 /* Sources */ = {
			isa = PBXSourcesBuildPhase;
			buildActionMask = 2147483647;
			files = (
				6804C7872B090C8000857BE6 /* NetworkManagerTests.swift in Sources */,
				6804C7552B08DD6900857BE6 /* PokeAPITests.swift in Sources */,
			);
			runOnlyForDeploymentPostprocessing = 0;
		};
		6804C7562B08DD6900857BE6 /* Sources */ = {
			isa = PBXSourcesBuildPhase;
			buildActionMask = 2147483647;
			files = (
				6804C7612B08DD6900857BE6 /* PokeAPIUITestsLaunchTests.swift in Sources */,
				6804C75F2B08DD6900857BE6 /* PokeAPIUITests.swift in Sources */,
			);
			runOnlyForDeploymentPostprocessing = 0;
		};
/* End PBXSourcesBuildPhase section */

/* Begin PBXTargetDependency section */
		6804C7522B08DD6900857BE6 /* PBXTargetDependency */ = {
			isa = PBXTargetDependency;
			target = 6804C73F2B08DD6700857BE6 /* PokeAPI */;
			targetProxy = 6804C7512B08DD6900857BE6 /* PBXContainerItemProxy */;
		};
		6804C75C2B08DD6900857BE6 /* PBXTargetDependency */ = {
			isa = PBXTargetDependency;
			target = 6804C73F2B08DD6700857BE6 /* PokeAPI */;
			targetProxy = 6804C75B2B08DD6900857BE6 /* PBXContainerItemProxy */;
		};
/* End PBXTargetDependency section */

/* Begin XCBuildConfiguration section */
		6804C7622B08DD6900857BE6 /* Debug */ = {
			isa = XCBuildConfiguration;
			buildSettings = {
				ALWAYS_SEARCH_USER_PATHS = NO;
				ASSETCATALOG_COMPILER_GENERATE_SWIFT_ASSET_SYMBOL_EXTENSIONS = YES;
				CLANG_ANALYZER_NONNULL = YES;
				CLANG_ANALYZER_NUMBER_OBJECT_CONVERSION = YES_AGGRESSIVE;
				CLANG_CXX_LANGUAGE_STANDARD = "gnu++20";
				CLANG_ENABLE_MODULES = YES;
				CLANG_ENABLE_OBJC_ARC = YES;
				CLANG_ENABLE_OBJC_WEAK = YES;
				CLANG_WARN_BLOCK_CAPTURE_AUTORELEASING = YES;
				CLANG_WARN_BOOL_CONVERSION = YES;
				CLANG_WARN_COMMA = YES;
				CLANG_WARN_CONSTANT_CONVERSION = YES;
				CLANG_WARN_DEPRECATED_OBJC_IMPLEMENTATIONS = YES;
				CLANG_WARN_DIRECT_OBJC_ISA_USAGE = YES_ERROR;
				CLANG_WARN_DOCUMENTATION_COMMENTS = YES;
				CLANG_WARN_EMPTY_BODY = YES;
				CLANG_WARN_ENUM_CONVERSION = YES;
				CLANG_WARN_INFINITE_RECURSION = YES;
				CLANG_WARN_INT_CONVERSION = YES;
				CLANG_WARN_NON_LITERAL_NULL_CONVERSION = YES;
				CLANG_WARN_OBJC_IMPLICIT_RETAIN_SELF = YES;
				CLANG_WARN_OBJC_LITERAL_CONVERSION = YES;
				CLANG_WARN_OBJC_ROOT_CLASS = YES_ERROR;
				CLANG_WARN_QUOTED_INCLUDE_IN_FRAMEWORK_HEADER = YES;
				CLANG_WARN_RANGE_LOOP_ANALYSIS = YES;
				CLANG_WARN_STRICT_PROTOTYPES = YES;
				CLANG_WARN_SUSPICIOUS_MOVE = YES;
				CLANG_WARN_UNGUARDED_AVAILABILITY = YES_AGGRESSIVE;
				CLANG_WARN_UNREACHABLE_CODE = YES;
				CLANG_WARN__DUPLICATE_METHOD_MATCH = YES;
				COPY_PHASE_STRIP = NO;
				DEBUG_INFORMATION_FORMAT = dwarf;
				ENABLE_STRICT_OBJC_MSGSEND = YES;
				ENABLE_TESTABILITY = YES;
				ENABLE_USER_SCRIPT_SANDBOXING = YES;
				GCC_C_LANGUAGE_STANDARD = gnu17;
				GCC_DYNAMIC_NO_PIC = NO;
				GCC_NO_COMMON_BLOCKS = YES;
				GCC_OPTIMIZATION_LEVEL = 0;
				GCC_PREPROCESSOR_DEFINITIONS = (
					"DEBUG=1",
					"$(inherited)",
				);
				GCC_WARN_64_TO_32_BIT_CONVERSION = YES;
				GCC_WARN_ABOUT_RETURN_TYPE = YES_ERROR;
				GCC_WARN_UNDECLARED_SELECTOR = YES;
				GCC_WARN_UNINITIALIZED_AUTOS = YES_AGGRESSIVE;
				GCC_WARN_UNUSED_FUNCTION = YES;
				GCC_WARN_UNUSED_VARIABLE = YES;
				IPHONEOS_DEPLOYMENT_TARGET = 17.0;
				LOCALIZATION_PREFERS_STRING_CATALOGS = YES;
				MTL_ENABLE_DEBUG_INFO = INCLUDE_SOURCE;
				MTL_FAST_MATH = YES;
				ONLY_ACTIVE_ARCH = YES;
				SDKROOT = iphoneos;
				SWIFT_ACTIVE_COMPILATION_CONDITIONS = "DEBUG $(inherited)";
				SWIFT_OPTIMIZATION_LEVEL = "-Onone";
			};
			name = Debug;
		};
		6804C7632B08DD6900857BE6 /* Release */ = {
			isa = XCBuildConfiguration;
			buildSettings = {
				ALWAYS_SEARCH_USER_PATHS = NO;
				ASSETCATALOG_COMPILER_GENERATE_SWIFT_ASSET_SYMBOL_EXTENSIONS = YES;
				CLANG_ANALYZER_NONNULL = YES;
				CLANG_ANALYZER_NUMBER_OBJECT_CONVERSION = YES_AGGRESSIVE;
				CLANG_CXX_LANGUAGE_STANDARD = "gnu++20";
				CLANG_ENABLE_MODULES = YES;
				CLANG_ENABLE_OBJC_ARC = YES;
				CLANG_ENABLE_OBJC_WEAK = YES;
				CLANG_WARN_BLOCK_CAPTURE_AUTORELEASING = YES;
				CLANG_WARN_BOOL_CONVERSION = YES;
				CLANG_WARN_COMMA = YES;
				CLANG_WARN_CONSTANT_CONVERSION = YES;
				CLANG_WARN_DEPRECATED_OBJC_IMPLEMENTATIONS = YES;
				CLANG_WARN_DIRECT_OBJC_ISA_USAGE = YES_ERROR;
				CLANG_WARN_DOCUMENTATION_COMMENTS = YES;
				CLANG_WARN_EMPTY_BODY = YES;
				CLANG_WARN_ENUM_CONVERSION = YES;
				CLANG_WARN_INFINITE_RECURSION = YES;
				CLANG_WARN_INT_CONVERSION = YES;
				CLANG_WARN_NON_LITERAL_NULL_CONVERSION = YES;
				CLANG_WARN_OBJC_IMPLICIT_RETAIN_SELF = YES;
				CLANG_WARN_OBJC_LITERAL_CONVERSION = YES;
				CLANG_WARN_OBJC_ROOT_CLASS = YES_ERROR;
				CLANG_WARN_QUOTED_INCLUDE_IN_FRAMEWORK_HEADER = YES;
				CLANG_WARN_RANGE_LOOP_ANALYSIS = YES;
				CLANG_WARN_STRICT_PROTOTYPES = YES;
				CLANG_WARN_SUSPICIOUS_MOVE = YES;
				CLANG_WARN_UNGUARDED_AVAILABILITY = YES_AGGRESSIVE;
				CLANG_WARN_UNREACHABLE_CODE = YES;
				CLANG_WARN__DUPLICATE_METHOD_MATCH = YES;
				COPY_PHASE_STRIP = NO;
				DEBUG_INFORMATION_FORMAT = "dwarf-with-dsym";
				ENABLE_NS_ASSERTIONS = NO;
				ENABLE_STRICT_OBJC_MSGSEND = YES;
				ENABLE_USER_SCRIPT_SANDBOXING = YES;
				GCC_C_LANGUAGE_STANDARD = gnu17;
				GCC_NO_COMMON_BLOCKS = YES;
				GCC_WARN_64_TO_32_BIT_CONVERSION = YES;
				GCC_WARN_ABOUT_RETURN_TYPE = YES_ERROR;
				GCC_WARN_UNDECLARED_SELECTOR = YES;
				GCC_WARN_UNINITIALIZED_AUTOS = YES_AGGRESSIVE;
				GCC_WARN_UNUSED_FUNCTION = YES;
				GCC_WARN_UNUSED_VARIABLE = YES;
				IPHONEOS_DEPLOYMENT_TARGET = 17.0;
				LOCALIZATION_PREFERS_STRING_CATALOGS = YES;
				MTL_ENABLE_DEBUG_INFO = NO;
				MTL_FAST_MATH = YES;
				SDKROOT = iphoneos;
				SWIFT_COMPILATION_MODE = wholemodule;
				VALIDATE_PRODUCT = YES;
			};
			name = Release;
		};
		6804C7652B08DD6900857BE6 /* Debug */ = {
			isa = XCBuildConfiguration;
			buildSettings = {
				ASSETCATALOG_COMPILER_APPICON_NAME = AppIcon;
				ASSETCATALOG_COMPILER_GLOBAL_ACCENT_COLOR_NAME = AccentColor;
				CODE_SIGN_STYLE = Automatic;
				CURRENT_PROJECT_VERSION = 1;
				DEVELOPMENT_ASSET_PATHS = "\"PokeAPI/Preview Content\"";
				DEVELOPMENT_TEAM = G4ZCM8Q5TM;
				ENABLE_PREVIEWS = YES;
				GENERATE_INFOPLIST_FILE = YES;
				INFOPLIST_KEY_UIApplicationSceneManifest_Generation = YES;
				INFOPLIST_KEY_UIApplicationSupportsIndirectInputEvents = YES;
				INFOPLIST_KEY_UILaunchScreen_Generation = YES;
				INFOPLIST_KEY_UISupportedInterfaceOrientations_iPad = "UIInterfaceOrientationPortrait UIInterfaceOrientationPortraitUpsideDown UIInterfaceOrientationLandscapeLeft UIInterfaceOrientationLandscapeRight";
				INFOPLIST_KEY_UISupportedInterfaceOrientations_iPhone = "UIInterfaceOrientationPortrait UIInterfaceOrientationLandscapeLeft UIInterfaceOrientationLandscapeRight";
				LD_RUNPATH_SEARCH_PATHS = (
					"$(inherited)",
					"@executable_path/Frameworks",
				);
				MARKETING_VERSION = 1.0;
				PRODUCT_BUNDLE_IDENTIFIER = com.poke.api.PokeAPI;
				PRODUCT_NAME = "$(TARGET_NAME)";
				SWIFT_EMIT_LOC_STRINGS = YES;
				SWIFT_VERSION = 5.0;
				TARGETED_DEVICE_FAMILY = "1,2";
			};
			name = Debug;
		};
		6804C7662B08DD6900857BE6 /* Release */ = {
			isa = XCBuildConfiguration;
			buildSettings = {
				ASSETCATALOG_COMPILER_APPICON_NAME = AppIcon;
				ASSETCATALOG_COMPILER_GLOBAL_ACCENT_COLOR_NAME = AccentColor;
				CODE_SIGN_STYLE = Automatic;
				CURRENT_PROJECT_VERSION = 1;
				DEVELOPMENT_ASSET_PATHS = "\"PokeAPI/Preview Content\"";
				DEVELOPMENT_TEAM = G4ZCM8Q5TM;
				ENABLE_PREVIEWS = YES;
				GENERATE_INFOPLIST_FILE = YES;
				INFOPLIST_KEY_UIApplicationSceneManifest_Generation = YES;
				INFOPLIST_KEY_UIApplicationSupportsIndirectInputEvents = YES;
				INFOPLIST_KEY_UILaunchScreen_Generation = YES;
				INFOPLIST_KEY_UISupportedInterfaceOrientations_iPad = "UIInterfaceOrientationPortrait UIInterfaceOrientationPortraitUpsideDown UIInterfaceOrientationLandscapeLeft UIInterfaceOrientationLandscapeRight";
				INFOPLIST_KEY_UISupportedInterfaceOrientations_iPhone = "UIInterfaceOrientationPortrait UIInterfaceOrientationLandscapeLeft UIInterfaceOrientationLandscapeRight";
				LD_RUNPATH_SEARCH_PATHS = (
					"$(inherited)",
					"@executable_path/Frameworks",
				);
				MARKETING_VERSION = 1.0;
				PRODUCT_BUNDLE_IDENTIFIER = com.poke.api.PokeAPI;
				PRODUCT_NAME = "$(TARGET_NAME)";
				SWIFT_EMIT_LOC_STRINGS = YES;
				SWIFT_VERSION = 5.0;
				TARGETED_DEVICE_FAMILY = "1,2";
			};
			name = Release;
		};
		6804C7682B08DD6900857BE6 /* Debug */ = {
			isa = XCBuildConfiguration;
			buildSettings = {
				ALWAYS_EMBED_SWIFT_STANDARD_LIBRARIES = YES;
				BUNDLE_LOADER = "$(TEST_HOST)";
				CODE_SIGN_STYLE = Automatic;
				CURRENT_PROJECT_VERSION = 1;
				GENERATE_INFOPLIST_FILE = YES;
				IPHONEOS_DEPLOYMENT_TARGET = 17.0;
				MARKETING_VERSION = 1.0;
				PRODUCT_BUNDLE_IDENTIFIER = com.poke.api.PokeAPITests;
				PRODUCT_NAME = "$(TARGET_NAME)";
				SWIFT_EMIT_LOC_STRINGS = NO;
				SWIFT_VERSION = 5.0;
				TARGETED_DEVICE_FAMILY = "1,2";
				TEST_HOST = "$(BUILT_PRODUCTS_DIR)/PokeAPI.app/$(BUNDLE_EXECUTABLE_FOLDER_PATH)/PokeAPI";
			};
			name = Debug;
		};
		6804C7692B08DD6900857BE6 /* Release */ = {
			isa = XCBuildConfiguration;
			buildSettings = {
				ALWAYS_EMBED_SWIFT_STANDARD_LIBRARIES = YES;
				BUNDLE_LOADER = "$(TEST_HOST)";
				CODE_SIGN_STYLE = Automatic;
				CURRENT_PROJECT_VERSION = 1;
				GENERATE_INFOPLIST_FILE = YES;
				IPHONEOS_DEPLOYMENT_TARGET = 17.0;
				MARKETING_VERSION = 1.0;
				PRODUCT_BUNDLE_IDENTIFIER = com.poke.api.PokeAPITests;
				PRODUCT_NAME = "$(TARGET_NAME)";
				SWIFT_EMIT_LOC_STRINGS = NO;
				SWIFT_VERSION = 5.0;
				TARGETED_DEVICE_FAMILY = "1,2";
				TEST_HOST = "$(BUILT_PRODUCTS_DIR)/PokeAPI.app/$(BUNDLE_EXECUTABLE_FOLDER_PATH)/PokeAPI";
			};
			name = Release;
		};
		6804C76B2B08DD6900857BE6 /* Debug */ = {
			isa = XCBuildConfiguration;
			buildSettings = {
				ALWAYS_EMBED_SWIFT_STANDARD_LIBRARIES = YES;
				CODE_SIGN_STYLE = Automatic;
				CURRENT_PROJECT_VERSION = 1;
				GENERATE_INFOPLIST_FILE = YES;
				MARKETING_VERSION = 1.0;
				PRODUCT_BUNDLE_IDENTIFIER = com.poke.api.PokeAPIUITests;
				PRODUCT_NAME = "$(TARGET_NAME)";
				SWIFT_EMIT_LOC_STRINGS = NO;
				SWIFT_VERSION = 5.0;
				TARGETED_DEVICE_FAMILY = "1,2";
				TEST_TARGET_NAME = PokeAPI;
			};
			name = Debug;
		};
		6804C76C2B08DD6900857BE6 /* Release */ = {
			isa = XCBuildConfiguration;
			buildSettings = {
				ALWAYS_EMBED_SWIFT_STANDARD_LIBRARIES = YES;
				CODE_SIGN_STYLE = Automatic;
				CURRENT_PROJECT_VERSION = 1;
				GENERATE_INFOPLIST_FILE = YES;
				MARKETING_VERSION = 1.0;
				PRODUCT_BUNDLE_IDENTIFIER = com.poke.api.PokeAPIUITests;
				PRODUCT_NAME = "$(TARGET_NAME)";
				SWIFT_EMIT_LOC_STRINGS = NO;
				SWIFT_VERSION = 5.0;
				TARGETED_DEVICE_FAMILY = "1,2";
				TEST_TARGET_NAME = PokeAPI;
			};
			name = Release;
		};
/* End XCBuildConfiguration section */

/* Begin XCConfigurationList section */
		6804C73B2B08DD6700857BE6 /* Build configuration list for PBXProject "PokeAPI" */ = {
			isa = XCConfigurationList;
			buildConfigurations = (
				6804C7622B08DD6900857BE6 /* Debug */,
				6804C7632B08DD6900857BE6 /* Release */,
			);
			defaultConfigurationIsVisible = 0;
			defaultConfigurationName = Release;
		};
		6804C7642B08DD6900857BE6 /* Build configuration list for PBXNativeTarget "PokeAPI" */ = {
			isa = XCConfigurationList;
			buildConfigurations = (
				6804C7652B08DD6900857BE6 /* Debug */,
				6804C7662B08DD6900857BE6 /* Release */,
			);
			defaultConfigurationIsVisible = 0;
			defaultConfigurationName = Release;
		};
		6804C7672B08DD6900857BE6 /* Build configuration list for PBXNativeTarget "PokeAPITests" */ = {
			isa = XCConfigurationList;
			buildConfigurations = (
				6804C7682B08DD6900857BE6 /* Debug */,
				6804C7692B08DD6900857BE6 /* Release */,
			);
			defaultConfigurationIsVisible = 0;
			defaultConfigurationName = Release;
		};
		6804C76A2B08DD6900857BE6 /* Build configuration list for PBXNativeTarget "PokeAPIUITests" */ = {
			isa = XCConfigurationList;
			buildConfigurations = (
				6804C76B2B08DD6900857BE6 /* Debug */,
				6804C76C2B08DD6900857BE6 /* Release */,
			);
			defaultConfigurationIsVisible = 0;
			defaultConfigurationName = Release;
		};
/* End XCConfigurationList section */

/* Begin XCRemoteSwiftPackageReference section */
		6804C7792B08E97400857BE6 /* XCRemoteSwiftPackageReference "Kingfisher" */ = {
			isa = XCRemoteSwiftPackageReference;
			repositoryURL = "https://github.com/onevcat/Kingfisher.git";
			requirement = {
				kind = upToNextMajorVersion;
				minimumVersion = 7.10.0;
			};
		};
/* End XCRemoteSwiftPackageReference section */

/* Begin XCSwiftPackageProductDependency section */
		6804C77A2B08E97400857BE6 /* Kingfisher */ = {
			isa = XCSwiftPackageProductDependency;
			package = 6804C7792B08E97400857BE6 /* XCRemoteSwiftPackageReference "Kingfisher" */;
			productName = Kingfisher;
		};
/* End XCSwiftPackageProductDependency section */
	};
	rootObject = 6804C7382B08DD6700857BE6 /* Project object */;
}
